
Microsoft Visual Studio Solution File, Format Version 12.00
# Visual Studio 15
VisualStudioVersion = 15.0.27428.1
MinimumVisualStudioVersion = 10.0.40219.1
Project("{FAE04EC0-301F-11D3-BF4B-00C04F79EFBC}") = "GMUEnrollmentSite", "GMUEnrollmentSite\GMUEnrollmentSite.csproj", "{EAB65C8D-8502-41DB-9EC1-66E296E52C59}"
EndProject
Global
	GlobalSection(SolutionConfigurationPlatforms) = preSolution
		Debug|Any CPU = Debug|Any CPU
		Release|Any CPU = Release|Any CPU
	EndGlobalSection
	GlobalSection(ProjectConfigurationPlatforms) = postSolution
		{EAB65C8D-8502-41DB-9EC1-66E296E52C59}.Debug|Any CPU.ActiveCfg = Debug|Any CPU
		{EAB65C8D-8502-41DB-9EC1-66E296E52C59}.Debug|Any CPU.Build.0 = Debug|Any CPU
		{EAB65C8D-8502-41DB-9EC1-66E296E52C59}.Release|Any CPU.ActiveCfg = Release|Any CPU
		{EAB65C8D-8502-41DB-9EC1-66E296E52C59}.Release|Any CPU.Build.0 = Release|Any CPU
	EndGlobalSection
	GlobalSection(SolutionProperties) = preSolution
		HideSolutionNode = FALSE
	EndGlobalSection
	GlobalSection(ExtensibilityGlobals) = postSolution
		SolutionGuid = {C29FE38F-1650-41A2-A035-740759BE4BEC}
	EndGlobalSection
EndGlobal
